
Microsoft Visual Studio Solution File, Format Version 12.00
# Visual Studio 15
VisualStudioVersion = 15.0.28307.1705
MinimumVisualStudioVersion = 10.0.40219.1
Project("{FAE04EC0-301F-11D3-BF4B-00C04F79EFBC}") = "TaxApp.Infrastructure.DataAccess", "TaxApp.Infrastructure.DataAccess\TaxApp.Infrastructure.DataAccess.csproj", "{411A4A24-449A-422D-85D1-C918D883F527}"
EndProject
Global
	GlobalSection(SolutionConfigurationPlatforms) = preSolution
		Debug|Any CPU = Debug|Any CPU
		Release|Any CPU = Release|Any CPU
	EndGlobalSection
	GlobalSection(ProjectConfigurationPlatforms) = postSolution
		{411A4A24-449A-422D-85D1-C918D883F527}.Debug|Any CPU.ActiveCfg = Debug|Any CPU
		{411A4A24-449A-422D-85D1-C918D883F527}.Debug|Any CPU.Build.0 = Debug|Any CPU
		{411A4A24-449A-422D-85D1-C918D883F527}.Release|Any CPU.ActiveCfg = Release|Any CPU
		{411A4A24-449A-422D-85D1-C918D883F527}.Release|Any CPU.Build.0 = Release|Any CPU
	EndGlobalSection
	GlobalSection(SolutionProperties) = preSolution
		HideSolutionNode = FALSE
	EndGlobalSection
	GlobalSection(ExtensibilityGlobals) = postSolution
		SolutionGuid = {165BBA8B-48A5-44DC-BA42-A108D022B78C}
	EndGlobalSection
EndGlobal
